<?xml version="1.0" encoding="utf-8"?>
<Project ToolsVersion="4.0" xmlns="http://schemas.microsoft.com/developer/msbuild/2003">
  <ItemGroup>
    <Filter Include="Source Files">
      <UniqueIdentifier>{4FC737F1-C7A5-4376-A066-2A32D752A2FF}</UniqueIdentifier>
      <Extensions>cpp;c;cc;cxx;def;odl;idl;hpj;bat;asm;asmx</Extensions>
    </Filter>
    <Filter Include="Header Files">
      <UniqueIdentifier>{93995380-89BD-4b04-88EB-625FBE52EBFB}</UniqueIdentifier>
      <Extensions>h;hh;hpp;hxx;hm;inl;inc;xsd</Extensions>
    </Filter>
    <Filter Include="Resource Files">
      <UniqueIdentifier>{67DA6AB6-F800-4c08-8B7A-83BB121AAD01}</UniqueIdentifier>
      <Extensions>rc;ico;cur;bmp;dlg;rc2;rct;bin;rgs;gif;jpg;jpeg;jpe;resx;tiff;tif;png;wav;mfcribbon-ms</Extensions>
    </Filter>
  </ItemGroup>
  <ItemGroup>
    <ClCompile Include="Lib\TexProject\TexProject_Main.cpp">
      <Filter>Source Files</Filter>
    </ClCompile>
    <ClCompile Include="Lib\TexProject\Empty\TexProject_Empty.cpp">
      <Filter>Source Files</Filter>
    </ClCompile>
    <ClCompile Include="Lib\TexProject\TexProject_Math.cpp">
      <Filter>Source Files</Filter>
    </ClCompile>
    <ClCompile Include="Lib\TexProject\TexProject_Windows.cpp">
      <Filter>Source Files</Filter>
    </ClCompile>
    <ClCompile Include="Lib\TexProject\TexProject_Helpers.cpp">
      <Filter>Source Files</Filter>
    </ClCompile>
    <ClCompile Include="Lib\TexProject\TexProject_OpenGL.cpp">
      <Filter>Source Files</Filter>
    </ClCompile>
    <ClCompile Include="Lib\TexProject\TexProject_Textures.cpp">
      <Filter>Source Files</Filter>
    </ClCompile>
    <ClCompile Include="Lib\TexProject\TexProject_Shaders.cpp">
      <Filter>Source Files</Filter>
    </ClCompile>
    <ClCompile Include="Lib\TexProject\TexProject_Interface.cpp">
      <Filter>Source Files</Filter>
    </ClCompile>
    <ClCompile Include="Lib\TexProject\TexProject_DevIL.cpp">
      <Filter>Source Files</Filter>
    </ClCompile>
    <ClCompile Include="Lib\TexProject\TexProject_Geometry.cpp">
      <Filter>Source Files</Filter>
    </ClCompile>
    <ClCompile Include="Lib\TexProject\TexProject_Buffers.cpp">
      <Filter>Source Files</Filter>
    </ClCompile>
    <ClCompile Include="Lib\TexProject\TexProject_Direct3D.cpp">
      <Filter>Source Files</Filter>
    </ClCompile>
    <ClCompile Include="Source\Test\Test_Tool.cpp">
      <Filter>Source Files</Filter>
    </ClCompile>
    <ClCompile Include="Lib\TexProject\TexProject_Tools.cpp">
      <Filter>Source Files</Filter>
    </ClCompile>
  </ItemGroup>
  <ItemGroup>
    <ClInclude Include="Lib\TexProject\TexProject.h">
      <Filter>Header Files</Filter>
    </ClInclude>
    <ClInclude Include="Lib\TexProject\TexProject_Header.h">
      <Filter>Header Files</Filter>
    </ClInclude>
    <ClInclude Include="Lib\HalfFloat\half.hpp">
      <Filter>Header Files</Filter>
    </ClInclude>
    <ClInclude Include="Lib\TexProject\TexProject_Main.h">
      <Filter>Header Files</Filter>
    </ClInclude>
    <ClInclude Include="Lib\TexProject\Empty\TexProject_Empty.h">
      <Filter>Header Files</Filter>
    </ClInclude>
    <ClInclude Include="Lib\TexProject\TexProject_Math.h">
      <Filter>Header Files</Filter>
    </ClInclude>
    <ClInclude Include="Lib\TexProject\TexProject_Windows.h">
      <Filter>Header Files</Filter>
    </ClInclude>
    <ClInclude Include="Lib\TexProject\TexProject_Helpers.h">
      <Filter>Header Files</Filter>
    </ClInclude>
    <ClInclude Include="Lib\TexProject\TexProject_OpenGL.h">
      <Filter>Header Files</Filter>
    </ClInclude>
    <ClInclude Include="Lib\TexProject\TexProject_Textures.h">
      <Filter>Header Files</Filter>
    </ClInclude>
    <ClInclude Include="Lib\TexProject\TexProject_Shaders.h">
      <Filter>Header Files</Filter>
    </ClInclude>
    <ClInclude Include="Lib\TexProject\TexProject_Interface.h">
      <Filter>Header Files</Filter>
    </ClInclude>
    <ClInclude Include="Lib\TexProject\TexProject_DevIL.h">
      <Filter>Header Files</Filter>
    </ClInclude>
    <ClInclude Include="Lib\TexProject\TexProject_Geometry.h">
      <Filter>Header Files</Filter>
    </ClInclude>
    <ClInclude Include="Lib\TexProject\TexProject_Buffers.h">
      <Filter>Header Files</Filter>
    </ClInclude>
    <ClInclude Include="Lib\TexProject\TexProject_Direct3D.h">
      <Filter>Header Files</Filter>
    </ClInclude>
    <ClInclude Include="Lib\TexProject\TexProject_Tools.h">
      <Filter>Header Files</Filter>
    </ClInclude>
  </ItemGroup>
  <ItemGroup>
    <None Include="Media\Shaders\GLSL\1.gs" />
    <None Include="Media\Shaders\GLSL\1.ps" />
    <None Include="Media\Shaders\GLSL\1.vs" />
    <None Include="Media\Shaders\GLSL\3D\Material\Basic\V1\1.ps" />
    <None Include="Media\Shaders\GLSL\3D\Material\Basic\V1\1.vs" />
    <None Include="Media\Shaders\HLSL\1.fx" />
    <None Include="Media\Shaders\GLSL\Simple\1.vs" />
    <None Include="Media\Shaders\GLSL\Simple\1.ps" />
    <None Include="Media\Shaders\GLSL\Simple Texture\1.ps" />
    <None Include="Media\Shaders\GLSL\Simple Texture\1.vs" />
    <None Include="Media\Shaders\GLSL\Screen Quad\Skybox\V1\1.gs" />
    <None Include="Media\Shaders\GLSL\Screen Quad\Skybox\V1\1.ps" />
    <None Include="Media\Shaders\GLSL\Screen Quad\Skybox\V1\1.vs" />
  </ItemGroup>
  <ItemGroup>
    <Image Include="Media\Images\Test.bmp">
      <Filter>Resource Files</Filter>
    </Image>
    <Image Include="Media\Images\Brick1_N.png">
      <Filter>Resource Files</Filter>
    </Image>
    <Image Include="Media\Images\Brick1_M.png">
      <Filter>Resource Files</Filter>
    </Image>
    <Image Include="Media\Images\Brick1_D.png">
      <Filter>Resource Files</Filter>
    </Image>
    <Image Include="Media\Images\3.png">
      <Filter>Resource Files</Filter>
    </Image>
    <Image Include="Media\Images\Example.jpg">
      <Filter>Resource Files</Filter>
    </Image>
    <Image Include="Media\Images\Stone_HeightMap.png">
      <Filter>Resource Files</Filter>
    </Image>
    <Image Include="Media\Images\Stone_NormalMap.png">
      <Filter>Resource Files</Filter>
    </Image>
    <Image Include="Media\Images\Cubemap1.dds" />
    <Image Include="Media\Images\Tiles1_D.png">
      <Filter>Resource Files</Filter>
    </Image>
    <Image Include="Media\Images\Tiles1_M.png">
      <Filter>Resource Files</Filter>
    </Image>
    <Image Include="Media\Images\Tiles1_N.png">
      <Filter>Resource Files</Filter>
    </Image>
  </ItemGroup>
</Project>